
Microsoft Visual Studio Solution File, Format Version 12.00
# Visual Studio Version 17
VisualStudioVersion = 17.4.33110.190
MinimumVisualStudioVersion = 10.0.40219.1
Project("{FAE04EC0-301F-11D3-BF4B-00C04F79EFBC}") = "MobileCommander", "MobileCommander\MobileCommander.csproj", "{688CE847-130F-432F-8AB0-99B5AE1CC218}"
EndProject
Global
	GlobalSection(SolutionConfigurationPlatforms) = preSolution
		Debug|Any CPU = Debug|Any CPU
		Release|Any CPU = Release|Any CPU
	EndGlobalSection
	GlobalSection(ProjectConfigurationPlatforms) = postSolution
		{688CE847-130F-432F-8AB0-99B5AE1CC218}.Debug|Any CPU.ActiveCfg = Debug|Any CPU
		{688CE847-130F-432F-8AB0-99B5AE1CC218}.Debug|Any CPU.Build.0 = Debug|Any CPU
		{688CE847-130F-432F-8AB0-99B5AE1CC218}.Release|Any CPU.ActiveCfg = Release|Any CPU
		{688CE847-130F-432F-8AB0-99B5AE1CC218}.Release|Any CPU.Build.0 = Release|Any CPU
	EndGlobalSection
	GlobalSection(SolutionProperties) = preSolution
		HideSolutionNode = FALSE
	EndGlobalSection
	GlobalSection(ExtensibilityGlobals) = postSolution
		SolutionGuid = {1B3DD72A-40CD-4E53-BC3F-671662F2B38F}
	EndGlobalSection
EndGlobal
